{
  "name": "signupsynccognitofirst",
  "version": "2.0.0",
  "lockfileVersion": 3,
  "requires": true,
  "packages": {
    "": {
      "name": "signupsynccognitofirst",
      "version": "2.0.0",
      "license": "Apache-2.0",
      "dependencies": {
        "node-fetch": "^2.6.1"
      },
      "devDependencies": {
        "@types/aws-lambda": "^8.10.92"
      }
    },
    "node_modules/@types/aws-lambda": {
      "version": "8.10.129",
      "resolved": "https://registry.npmjs.org/@types/aws-lambda/-/aws-lambda-8.10.129.tgz",
      "integrity": "sha512-0Rl7CpTPVws5cp0Ui1gZh4Q+TXC65bXVwTOGoI2RKW45dxWzyZGbjIX0uFjFYdIJ8vnD45y584rIIqvD2vBBfQ==",
      "dev": true
    },
    "node_modules/node-fetch": {
      "version": "2.6.1",
      "resolved": "https://registry.npmjs.org/node-fetch/-/node-fetch-2.6.1.tgz",
      "integrity": "sha512-V4aYg89jEoVRxRb2fJdAg8FHvI7cEyYdVAh94HH0UIK8oJxUfkjlDQN9RbMx+bEjP7+ggMiFRprSti032Oipxw==",
      "engines": {
        "node": "4.x || >=6.0.0"
      }
    }
  }
}
